
Microsoft Visual Studio Solution File, Format Version 12.00
# Visual Studio Version 17
VisualStudioVersion = 17.5.33530.505
MinimumVisualStudioVersion = 10.0.40219.1
Project("{FAE04EC0-301F-11D3-BF4B-00C04F79EFBC}") = "teatr", "teatr\teatr.csproj", "{FA532DB6-86B2-495F-A8CF-7FAA8A04E2FB}"
EndProject
Global
	GlobalSection(SolutionConfigurationPlatforms) = preSolution
		Debug|Any CPU = Debug|Any CPU
		Release|Any CPU = Release|Any CPU
	EndGlobalSection
	GlobalSection(ProjectConfigurationPlatforms) = postSolution
		{FA532DB6-86B2-495F-A8CF-7FAA8A04E2FB}.Debug|Any CPU.ActiveCfg = Debug|Any CPU
		{FA532DB6-86B2-495F-A8CF-7FAA8A04E2FB}.Debug|Any CPU.Build.0 = Debug|Any CPU
		{FA532DB6-86B2-495F-A8CF-7FAA8A04E2FB}.Release|Any CPU.ActiveCfg = Release|Any CPU
		{FA532DB6-86B2-495F-A8CF-7FAA8A04E2FB}.Release|Any CPU.Build.0 = Release|Any CPU
	EndGlobalSection
	GlobalSection(SolutionProperties) = preSolution
		HideSolutionNode = FALSE
	EndGlobalSection
	GlobalSection(ExtensibilityGlobals) = postSolution
		SolutionGuid = {982603D2-0CC7-44B7-88CA-718C3E4925E6}
	EndGlobalSection
EndGlobal
